{
  "version": 4,
  "terraform_version": "1.0.8",
  "serial": 1,
  "lineage": "23885675-40c2-1e54-9d3f-1884b0c14694",
  "outputs": {},
  "resources": [
    {
      "mode": "data",
      "type": "digitalocean_ssh_key",
      "name": "duna",
      "provider": "provider[\"registry.terraform.io/digitalocean/digitalocean\"]",
      "instances": [
        {
          "schema_version": 0,
          "attributes": {
            "fingerprint": "1a:7f:0a:e5:ad:a6:23:5a:29:3c:b1:53:8f:f8:13:5e",
            "id": 34469109,
            "name": "duna",
            "public_key": "ssh-rsa AAAAB3NzaC1yc2EAAAADAQABAAABgQDCR6kmk/WsL/c5W1V+OQhIe3IJa996trgvi8b1RO5hjKzalxAwokZ8pqEydwEvv7XNa5Agjcza/Y8jJKDQ3hmpuZhgwuaJJSvIPfVFfWWSRaHDlNFsyM8hha1+EKt9mNyNkcB/TbNIsSdjBhyiu14G5t3f5kpXz6UL+qvWlDv/rW1454B5Dmvj4IHbY96XWTtPn7A+5zf+Mrq8yCUgNtpRIh76KdiB4rQg17P81FB4klJhCJeKtD12OyMgJqzao+c848+hq5aMwICZ8uPSy15313WQ8qgLv3b7l2AptAhwNG3zxLXS/ghZPpoGi+QEvqT+09XI1620ti3lClDxdrIUFWb80dvNyXqjxNv4MuYanWs/K9i2tdZQQicBAgyYoyUisLCkDoWgkYzKbR0h1K4KzH16n7Ho6/hQdgO5CPEQXPdd/u3g3gjRC/jP24FUBzEnf6M3u9QIdkn9tgHx4jDRtp4K8+i1S68KdG6A34eux6FB6m4iLGeL3AFz20bZ4hU="
          },
          "sensitive_attributes": []
        }
      ]
    },
    {
      "mode": "managed",
      "type": "digitalocean_droplet",
      "name": "devops-demo",
      "provider": "provider[\"registry.terraform.io/digitalocean/digitalocean\"]",
      "instances": [
        {
          "schema_version": 1,
          "attributes": {
            "backups": false,
            "created_at": "2022-05-13T08:35:13Z",
            "disk": 25,
            "droplet_agent": null,
            "graceful_shutdown": false,
            "id": "299588125",
            "image": "ubuntu-20-04-x64",
            "ipv4_address": "159.89.182.222",
            "ipv4_address_private": "10.108.0.7",
            "ipv6": false,
            "ipv6_address": "",
            "locked": false,
            "memory": 1024,
            "monitoring": false,
            "name": "devops-demo",
            "price_hourly": 0.00744,
            "price_monthly": 5,
            "private_networking": true,
            "region": "nyc3",
            "resize_disk": true,
            "size": "s-1vcpu-1gb",
            "ssh_keys": [
              "34469109"
            ],
            "status": "active",
            "tags": null,
            "urn": "do:droplet:299588125",
            "user_data": null,
            "vcpus": 1,
            "volume_ids": [],
            "vpc_uuid": "02e09fd6-7450-43de-8693-31bffd62f324"
          },
          "sensitive_attributes": [],
          "private": "eyJzY2hlbWFfdmVyc2lvbiI6IjEifQ==",
          "dependencies": [
            "data.digitalocean_ssh_key.duna"
          ]
        }
      ]
    }
  ]
}
